
Microsoft Visual Studio Solution File, Format Version 12.00
Project("{2150E333-8FDC-42A3-9474-1A3956D46DE8}") = "src", "src", "{B27471E2-AED9-4A8C-8BC9-7775555EAEAA}"
EndProject
Project("{FAE04EC0-301F-11D3-BF4B-00C04F79EFBC}") = "MyRideShare.Api", "src\MyRideShare.Api\MyRideShare.Api.csproj", "{271491CE-13E0-4052-B1FB-4AEEA00CCD24}"
EndProject
Project("{FAE04EC0-301F-11D3-BF4B-00C04F79EFBC}") = "MyRideShare.Web", "src\MyRideShare.Web\MyRideShare.Web.csproj", "{FB383ADD-055F-4B60-8FCA-DC684ED5E769}"
EndProject
Global
	GlobalSection(SolutionConfigurationPlatforms) = preSolution
		Debug|Any CPU = Debug|Any CPU
		Release|Any CPU = Release|Any CPU
	EndGlobalSection
	GlobalSection(NestedProjects) = preSolution
		{271491CE-13E0-4052-B1FB-4AEEA00CCD24} = {B27471E2-AED9-4A8C-8BC9-7775555EAEAA}
		{FB383ADD-055F-4B60-8FCA-DC684ED5E769} = {B27471E2-AED9-4A8C-8BC9-7775555EAEAA}
	EndGlobalSection
	GlobalSection(ProjectConfigurationPlatforms) = postSolution
		{271491CE-13E0-4052-B1FB-4AEEA00CCD24}.Debug|Any CPU.ActiveCfg = Debug|Any CPU
		{271491CE-13E0-4052-B1FB-4AEEA00CCD24}.Debug|Any CPU.Build.0 = Debug|Any CPU
		{271491CE-13E0-4052-B1FB-4AEEA00CCD24}.Release|Any CPU.ActiveCfg = Release|Any CPU
		{271491CE-13E0-4052-B1FB-4AEEA00CCD24}.Release|Any CPU.Build.0 = Release|Any CPU
		{FB383ADD-055F-4B60-8FCA-DC684ED5E769}.Debug|Any CPU.ActiveCfg = Debug|Any CPU
		{FB383ADD-055F-4B60-8FCA-DC684ED5E769}.Debug|Any CPU.Build.0 = Debug|Any CPU
		{FB383ADD-055F-4B60-8FCA-DC684ED5E769}.Release|Any CPU.ActiveCfg = Release|Any CPU
		{FB383ADD-055F-4B60-8FCA-DC684ED5E769}.Release|Any CPU.Build.0 = Release|Any CPU
	EndGlobalSection
EndGlobal
